
Microsoft Visual Studio Solution File, Format Version 12.00
Project("{FAE04EC0-301F-11D3-BF4B-00C04F79EFBC}") = "copeland.assignment", "copeland.assignment\copeland.assignment.csproj", "{E66B794A-5986-4367-8E72-6AA9A3ECDD78}"
EndProject
Project("{FAE04EC0-301F-11D3-BF4B-00C04F79EFBC}") = "copeland.assignment.services", "copeland.assignment.services\copeland.assignment.services.csproj", "{2FC67AB8-116D-4B87-BBDA-4B345433087B}"
EndProject
Project("{FAE04EC0-301F-11D3-BF4B-00C04F79EFBC}") = "copeland.assignment.core", "copeland.assignment.core\copeland.assignment.core.csproj", "{E65A582D-2D8D-4428-A4F7-0698D266CECF}"
EndProject
Project("{FAE04EC0-301F-11D3-BF4B-00C04F79EFBC}") = "copeland.assignment.models", "copeland.assignment.models\copeland.assignment.models.csproj", "{B757FDD7-1B46-4403-BD05-1D9CF00D9C1E}"
EndProject
Project("{FAE04EC0-301F-11D3-BF4B-00C04F79EFBC}") = "copeland.assignment.services.tests", "copeland.assignment.services.tests\copeland.assignment.services.tests.csproj", "{EF3869AB-F23B-44AE-8594-F153FD1EA2B8}"
EndProject
Global
	GlobalSection(SolutionConfigurationPlatforms) = preSolution
		Debug|Any CPU = Debug|Any CPU
		Release|Any CPU = Release|Any CPU
	EndGlobalSection
	GlobalSection(ProjectConfigurationPlatforms) = postSolution
		{E66B794A-5986-4367-8E72-6AA9A3ECDD78}.Debug|Any CPU.ActiveCfg = Debug|Any CPU
		{E66B794A-5986-4367-8E72-6AA9A3ECDD78}.Debug|Any CPU.Build.0 = Debug|Any CPU
		{E66B794A-5986-4367-8E72-6AA9A3ECDD78}.Release|Any CPU.ActiveCfg = Release|Any CPU
		{E66B794A-5986-4367-8E72-6AA9A3ECDD78}.Release|Any CPU.Build.0 = Release|Any CPU
		{2FC67AB8-116D-4B87-BBDA-4B345433087B}.Debug|Any CPU.ActiveCfg = Debug|Any CPU
		{2FC67AB8-116D-4B87-BBDA-4B345433087B}.Debug|Any CPU.Build.0 = Debug|Any CPU
		{2FC67AB8-116D-4B87-BBDA-4B345433087B}.Release|Any CPU.ActiveCfg = Release|Any CPU
		{2FC67AB8-116D-4B87-BBDA-4B345433087B}.Release|Any CPU.Build.0 = Release|Any CPU
		{E65A582D-2D8D-4428-A4F7-0698D266CECF}.Debug|Any CPU.ActiveCfg = Debug|Any CPU
		{E65A582D-2D8D-4428-A4F7-0698D266CECF}.Debug|Any CPU.Build.0 = Debug|Any CPU
		{E65A582D-2D8D-4428-A4F7-0698D266CECF}.Release|Any CPU.ActiveCfg = Release|Any CPU
		{E65A582D-2D8D-4428-A4F7-0698D266CECF}.Release|Any CPU.Build.0 = Release|Any CPU
		{B757FDD7-1B46-4403-BD05-1D9CF00D9C1E}.Debug|Any CPU.ActiveCfg = Debug|Any CPU
		{B757FDD7-1B46-4403-BD05-1D9CF00D9C1E}.Debug|Any CPU.Build.0 = Debug|Any CPU
		{B757FDD7-1B46-4403-BD05-1D9CF00D9C1E}.Release|Any CPU.ActiveCfg = Release|Any CPU
		{B757FDD7-1B46-4403-BD05-1D9CF00D9C1E}.Release|Any CPU.Build.0 = Release|Any CPU
		{EF3869AB-F23B-44AE-8594-F153FD1EA2B8}.Debug|Any CPU.ActiveCfg = Debug|Any CPU
		{EF3869AB-F23B-44AE-8594-F153FD1EA2B8}.Debug|Any CPU.Build.0 = Debug|Any CPU
		{EF3869AB-F23B-44AE-8594-F153FD1EA2B8}.Release|Any CPU.ActiveCfg = Release|Any CPU
		{EF3869AB-F23B-44AE-8594-F153FD1EA2B8}.Release|Any CPU.Build.0 = Release|Any CPU
	EndGlobalSection
EndGlobal
